{
  "name": "Final Year Project",
  "lockfileVersion": 3,
  "requires": true,
  "packages": {
    "": {
      "dependencies": {
        "unsplash": "^4.2.0",
        "unsplash-js": "^7.0.20"
      }
    },
    "node_modules/unsplash": {
      "version": "4.2.0",
      "resolved": "https://registry.npmjs.org/unsplash/-/unsplash-4.2.0.tgz",
      "integrity": "sha512-my8CaFhNomFTc/vfUypnLQd52WEXDwnMxu9e7GTxExtib+aH/y7RWmsJPi16f1CT/B0A9oTm9qAFTCEDnpwOfg==",
      "license": "MIT"
    },
    "node_modules/unsplash-js": {
      "version": "7.0.20",
      "resolved": "https://registry.npmjs.org/unsplash-js/-/unsplash-js-7.0.20.tgz",
      "integrity": "sha512-0IzJGKbD6qHm0wg5sNndcCjhNDrtAr08/mySr9TGJ6biD7N03ZldidqXopkOvhAABaeFtRGYBrX1YkgMhKrFOQ==",
      "license": "MIT",
      "engines": {
        "node": ">=10"
      }
    }
  }
}
